
Microsoft Visual Studio Solution File, Format Version 12.00
# Visual Studio Version 16
VisualStudioVersion = 16.0.30320.27
MinimumVisualStudioVersion = 10.0.40219.1
Project("{FAE04EC0-301F-11D3-BF4B-00C04F79EFBC}") = "CommandAPI", "CommandAPI\CommandAPI.csproj", "{868BE42C-8FFA-449E-9E1D-6A142C74ED37}"
EndProject
Global
	GlobalSection(SolutionConfigurationPlatforms) = preSolution
		Debug|Any CPU = Debug|Any CPU
		Release|Any CPU = Release|Any CPU
	EndGlobalSection
	GlobalSection(ProjectConfigurationPlatforms) = postSolution
		{868BE42C-8FFA-449E-9E1D-6A142C74ED37}.Debug|Any CPU.ActiveCfg = Debug|Any CPU
		{868BE42C-8FFA-449E-9E1D-6A142C74ED37}.Debug|Any CPU.Build.0 = Debug|Any CPU
		{868BE42C-8FFA-449E-9E1D-6A142C74ED37}.Release|Any CPU.ActiveCfg = Release|Any CPU
		{868BE42C-8FFA-449E-9E1D-6A142C74ED37}.Release|Any CPU.Build.0 = Release|Any CPU
	EndGlobalSection
	GlobalSection(SolutionProperties) = preSolution
		HideSolutionNode = FALSE
	EndGlobalSection
	GlobalSection(ExtensibilityGlobals) = postSolution
		SolutionGuid = {FC0487FE-A449-43E0-9F6E-294DAD6ECDB8}
	EndGlobalSection
EndGlobal
